
Microsoft Visual Studio Solution File, Format Version 12.00
# Visual Studio Version 17
VisualStudioVersion = 17.5.002.0
MinimumVisualStudioVersion = 10.0.40219.1
Project("{9A19103F-16F7-4668-BE54-9A1E7A4F7556}") = "008-iterative-syntax", "008-iterative-syntax.csproj", "{8C483360-AD42-4013-B2F0-4541154BE81B}"
EndProject
Global
	GlobalSection(SolutionConfigurationPlatforms) = preSolution
		Debug|Any CPU = Debug|Any CPU
		Release|Any CPU = Release|Any CPU
	EndGlobalSection
	GlobalSection(ProjectConfigurationPlatforms) = postSolution
		{8C483360-AD42-4013-B2F0-4541154BE81B}.Debug|Any CPU.ActiveCfg = Debug|Any CPU
		{8C483360-AD42-4013-B2F0-4541154BE81B}.Debug|Any CPU.Build.0 = Debug|Any CPU
		{8C483360-AD42-4013-B2F0-4541154BE81B}.Release|Any CPU.ActiveCfg = Release|Any CPU
		{8C483360-AD42-4013-B2F0-4541154BE81B}.Release|Any CPU.Build.0 = Release|Any CPU
	EndGlobalSection
	GlobalSection(SolutionProperties) = preSolution
		HideSolutionNode = FALSE
	EndGlobalSection
	GlobalSection(ExtensibilityGlobals) = postSolution
		SolutionGuid = {0D4B0D8E-4524-4E39-A281-DEADA58F3F3D}
	EndGlobalSection
EndGlobal
